
Microsoft Visual Studio Solution File, Format Version 12.00
# Visual Studio Version 17
VisualStudioVersion = 17.2.32505.173
MinimumVisualStudioVersion = 10.0.40219.1
Project("{FAE04EC0-301F-11D3-BF4B-00C04F79EFBC}") = "Q2_213032", "Q2_213032\Q2_213032.csproj", "{9ACAEA75-2478-461A-AD60-7475BD62DFB9}"
EndProject
Global
	GlobalSection(SolutionConfigurationPlatforms) = preSolution
		Debug|Any CPU = Debug|Any CPU
		Release|Any CPU = Release|Any CPU
	EndGlobalSection
	GlobalSection(ProjectConfigurationPlatforms) = postSolution
		{9ACAEA75-2478-461A-AD60-7475BD62DFB9}.Debug|Any CPU.ActiveCfg = Debug|Any CPU
		{9ACAEA75-2478-461A-AD60-7475BD62DFB9}.Debug|Any CPU.Build.0 = Debug|Any CPU
		{9ACAEA75-2478-461A-AD60-7475BD62DFB9}.Release|Any CPU.ActiveCfg = Release|Any CPU
		{9ACAEA75-2478-461A-AD60-7475BD62DFB9}.Release|Any CPU.Build.0 = Release|Any CPU
	EndGlobalSection
	GlobalSection(SolutionProperties) = preSolution
		HideSolutionNode = FALSE
	EndGlobalSection
	GlobalSection(ExtensibilityGlobals) = postSolution
		SolutionGuid = {FB3C45F8-2A2E-42C3-8C63-6562394F7A1E}
	EndGlobalSection
EndGlobal
